
Microsoft Visual Studio Solution File, Format Version 12.00
# Visual Studio Version 17
VisualStudioVersion = 17.0.31912.275
MinimumVisualStudioVersion = 10.0.40219.1
Project("{2150E333-8FDC-42A3-9474-1A3956D46DE8}") = "Services", "Services", "{6DA6CBC4-EC71-4370-8F14-82986CCDC2E7}"
EndProject
Project("{2150E333-8FDC-42A3-9474-1A3956D46DE8}") = "Catalog", "Catalog", "{986FDF34-E8F2-4E48-A79C-8DC37A78A264}"
EndProject
Project("{9A19103F-16F7-4668-BE54-9A1E7A4F7556}") = "Catalog.API", "Services\Catalog\Catalog.API\Catalog.API.csproj", "{C97A1BB1-8311-4BED-8203-3C7AE7543885}"
EndProject
Project("{E53339B2-1760-4266-BCC7-CA923CBCF16C}") = "docker-compose", "docker-compose.dcproj", "{3BDCB9A0-A23A-44D4-8213-7E37579CC43B}"
EndProject
Project("{2150E333-8FDC-42A3-9474-1A3956D46DE8}") = "Basket", "Basket", "{E8E7D2B0-BC5B-41A1-8972-2F2B5F0FE7DA}"
EndProject
Project("{9A19103F-16F7-4668-BE54-9A1E7A4F7556}") = "Basket.API", "Services\Basket\Basket.API\Basket.API.csproj", "{E3DEBDA7-B307-46A3-AB47-118E1DA50759}"
EndProject
Project("{2150E333-8FDC-42A3-9474-1A3956D46DE8}") = "Discount", "Discount", "{BA417522-B2CD-40C9-994A-63E374F47693}"
EndProject
Project("{9A19103F-16F7-4668-BE54-9A1E7A4F7556}") = "Discount.API", "Services\Discount\Discount.API\Discount.API.csproj", "{4412E51B-A3E4-47A6-9188-822125481F79}"
EndProject
Project("{FAE04EC0-301F-11D3-BF4B-00C04F79EFBC}") = "Discount.Grpc", "Services\Discount\Discount.Grpc\Discount.Grpc.csproj", "{BAAFBB36-D6C8-4B3D-81B3-DCF68A10752E}"
EndProject
Global
	GlobalSection(SolutionConfigurationPlatforms) = preSolution
		Debug|Any CPU = Debug|Any CPU
		Release|Any CPU = Release|Any CPU
	EndGlobalSection
	GlobalSection(ProjectConfigurationPlatforms) = postSolution
		{C97A1BB1-8311-4BED-8203-3C7AE7543885}.Debug|Any CPU.ActiveCfg = Debug|Any CPU
		{C97A1BB1-8311-4BED-8203-3C7AE7543885}.Debug|Any CPU.Build.0 = Debug|Any CPU
		{C97A1BB1-8311-4BED-8203-3C7AE7543885}.Release|Any CPU.ActiveCfg = Release|Any CPU
		{C97A1BB1-8311-4BED-8203-3C7AE7543885}.Release|Any CPU.Build.0 = Release|Any CPU
		{3BDCB9A0-A23A-44D4-8213-7E37579CC43B}.Debug|Any CPU.ActiveCfg = Debug|Any CPU
		{3BDCB9A0-A23A-44D4-8213-7E37579CC43B}.Debug|Any CPU.Build.0 = Debug|Any CPU
		{3BDCB9A0-A23A-44D4-8213-7E37579CC43B}.Release|Any CPU.ActiveCfg = Release|Any CPU
		{3BDCB9A0-A23A-44D4-8213-7E37579CC43B}.Release|Any CPU.Build.0 = Release|Any CPU
		{E3DEBDA7-B307-46A3-AB47-118E1DA50759}.Debug|Any CPU.ActiveCfg = Debug|Any CPU
		{E3DEBDA7-B307-46A3-AB47-118E1DA50759}.Debug|Any CPU.Build.0 = Debug|Any CPU
		{E3DEBDA7-B307-46A3-AB47-118E1DA50759}.Release|Any CPU.ActiveCfg = Release|Any CPU
		{E3DEBDA7-B307-46A3-AB47-118E1DA50759}.Release|Any CPU.Build.0 = Release|Any CPU
		{4412E51B-A3E4-47A6-9188-822125481F79}.Debug|Any CPU.ActiveCfg = Debug|Any CPU
		{4412E51B-A3E4-47A6-9188-822125481F79}.Debug|Any CPU.Build.0 = Debug|Any CPU
		{4412E51B-A3E4-47A6-9188-822125481F79}.Release|Any CPU.ActiveCfg = Release|Any CPU
		{4412E51B-A3E4-47A6-9188-822125481F79}.Release|Any CPU.Build.0 = Release|Any CPU
		{BAAFBB36-D6C8-4B3D-81B3-DCF68A10752E}.Debug|Any CPU.ActiveCfg = Debug|Any CPU
		{BAAFBB36-D6C8-4B3D-81B3-DCF68A10752E}.Debug|Any CPU.Build.0 = Debug|Any CPU
		{BAAFBB36-D6C8-4B3D-81B3-DCF68A10752E}.Release|Any CPU.ActiveCfg = Release|Any CPU
		{BAAFBB36-D6C8-4B3D-81B3-DCF68A10752E}.Release|Any CPU.Build.0 = Release|Any CPU
	EndGlobalSection
	GlobalSection(SolutionProperties) = preSolution
		HideSolutionNode = FALSE
	EndGlobalSection
	GlobalSection(NestedProjects) = preSolution
		{986FDF34-E8F2-4E48-A79C-8DC37A78A264} = {6DA6CBC4-EC71-4370-8F14-82986CCDC2E7}
		{C97A1BB1-8311-4BED-8203-3C7AE7543885} = {986FDF34-E8F2-4E48-A79C-8DC37A78A264}
		{E8E7D2B0-BC5B-41A1-8972-2F2B5F0FE7DA} = {6DA6CBC4-EC71-4370-8F14-82986CCDC2E7}
		{E3DEBDA7-B307-46A3-AB47-118E1DA50759} = {E8E7D2B0-BC5B-41A1-8972-2F2B5F0FE7DA}
		{BA417522-B2CD-40C9-994A-63E374F47693} = {6DA6CBC4-EC71-4370-8F14-82986CCDC2E7}
		{4412E51B-A3E4-47A6-9188-822125481F79} = {BA417522-B2CD-40C9-994A-63E374F47693}
		{BAAFBB36-D6C8-4B3D-81B3-DCF68A10752E} = {BA417522-B2CD-40C9-994A-63E374F47693}
	EndGlobalSection
	GlobalSection(ExtensibilityGlobals) = postSolution
		SolutionGuid = {BDEB539F-6DEC-4550-B290-0FB8556C52A6}
	EndGlobalSection
EndGlobal
